
Microsoft Visual Studio Solution File, Format Version 12.00
# Visual Studio Version 16
VisualStudioVersion = 16.0.31205.134
MinimumVisualStudioVersion = 10.0.40219.1
Project("{FAE04EC0-301F-11D3-BF4B-00C04F79EFBC}") = "cPoligny", "cPoligny\cPoligny.csproj", "{B185CC52-81BA-4795-B632-A66D6744EB5F}"
EndProject
Global
	GlobalSection(SolutionConfigurationPlatforms) = preSolution
		Debug|Any CPU = Debug|Any CPU
		Release|Any CPU = Release|Any CPU
	EndGlobalSection
	GlobalSection(ProjectConfigurationPlatforms) = postSolution
		{B185CC52-81BA-4795-B632-A66D6744EB5F}.Debug|Any CPU.ActiveCfg = Debug|Any CPU
		{B185CC52-81BA-4795-B632-A66D6744EB5F}.Debug|Any CPU.Build.0 = Debug|Any CPU
		{B185CC52-81BA-4795-B632-A66D6744EB5F}.Release|Any CPU.ActiveCfg = Release|Any CPU
		{B185CC52-81BA-4795-B632-A66D6744EB5F}.Release|Any CPU.Build.0 = Release|Any CPU
	EndGlobalSection
	GlobalSection(SolutionProperties) = preSolution
		HideSolutionNode = FALSE
	EndGlobalSection
	GlobalSection(ExtensibilityGlobals) = postSolution
		SolutionGuid = {E7CDBAC7-D414-45A1-BEDA-69F7943FCBE6}
	EndGlobalSection
EndGlobal
